
Microsoft Visual Studio Solution File, Format Version 12.00
# Visual Studio 15
VisualStudioVersion = 15.0.27703.2042
MinimumVisualStudioVersion = 10.0.40219.1
Project("{FAE04EC0-301F-11D3-BF4B-00C04F79EFBC}") = "Test01", "Test01\Test01.csproj", "{8ECFA8D5-E83B-42BF-8D99-5603D12BDCF4}"
EndProject
Global
	GlobalSection(SolutionConfigurationPlatforms) = preSolution
		Debug|Any CPU = Debug|Any CPU
		Release|Any CPU = Release|Any CPU
	EndGlobalSection
	GlobalSection(ProjectConfigurationPlatforms) = postSolution
		{8ECFA8D5-E83B-42BF-8D99-5603D12BDCF4}.Debug|Any CPU.ActiveCfg = Debug|Any CPU
		{8ECFA8D5-E83B-42BF-8D99-5603D12BDCF4}.Debug|Any CPU.Build.0 = Debug|Any CPU
		{8ECFA8D5-E83B-42BF-8D99-5603D12BDCF4}.Release|Any CPU.ActiveCfg = Release|Any CPU
		{8ECFA8D5-E83B-42BF-8D99-5603D12BDCF4}.Release|Any CPU.Build.0 = Release|Any CPU
	EndGlobalSection
	GlobalSection(SolutionProperties) = preSolution
		HideSolutionNode = FALSE
	EndGlobalSection
	GlobalSection(ExtensibilityGlobals) = postSolution
		SolutionGuid = {39E6B142-0F6F-49AF-AB09-BBCE89495B17}
	EndGlobalSection
EndGlobal
